
Microsoft Visual Studio Solution File, Format Version 12.00
# Visual Studio Version 17
VisualStudioVersion = 17.13.35919.96 d17.13
MinimumVisualStudioVersion = 10.0.40219.1
Project("{FAE04EC0-301F-11D3-BF4B-00C04F79EFBC}") = "DeviceListenerChanged", "DeviceListenerChanged.csproj", "{29CC9C84-6B8E-47AB-A02B-02B932055190}"
EndProject
Global
	GlobalSection(SolutionConfigurationPlatforms) = preSolution
		Debug|Any CPU = Debug|Any CPU
		Release|Any CPU = Release|Any CPU
	EndGlobalSection
	GlobalSection(ProjectConfigurationPlatforms) = postSolution
		{29CC9C84-6B8E-47AB-A02B-02B932055190}.Debug|Any CPU.ActiveCfg = Debug|Any CPU
		{29CC9C84-6B8E-47AB-A02B-02B932055190}.Debug|Any CPU.Build.0 = Debug|Any CPU
		{29CC9C84-6B8E-47AB-A02B-02B932055190}.Release|Any CPU.ActiveCfg = Release|Any CPU
		{29CC9C84-6B8E-47AB-A02B-02B932055190}.Release|Any CPU.Build.0 = Release|Any CPU
	EndGlobalSection
	GlobalSection(SolutionProperties) = preSolution
		HideSolutionNode = FALSE
	EndGlobalSection
	GlobalSection(ExtensibilityGlobals) = postSolution
		SolutionGuid = {C29284B2-F1FE-47E1-991F-9FFB4A28716A}
	EndGlobalSection
EndGlobal
